
Microsoft Visual Studio Solution File, Format Version 12.00
# Visual Studio Version 17
VisualStudioVersion = 17.14.36221.1 d17.14
MinimumVisualStudioVersion = 10.0.40219.1
Project("{FAE04EC0-301F-11D3-BF4B-00C04F79EFBC}") = "WorkflowEngine", "WorkflowEngine\WorkflowEngine.csproj", "{C3B880B6-ADF7-469A-8BB4-BDE295DCC667}"
EndProject
Global
	GlobalSection(SolutionConfigurationPlatforms) = preSolution
		Debug|Any CPU = Debug|Any CPU
		Release|Any CPU = Release|Any CPU
	EndGlobalSection
	GlobalSection(ProjectConfigurationPlatforms) = postSolution
		{C3B880B6-ADF7-469A-8BB4-BDE295DCC667}.Debug|Any CPU.ActiveCfg = Debug|Any CPU
		{C3B880B6-ADF7-469A-8BB4-BDE295DCC667}.Debug|Any CPU.Build.0 = Debug|Any CPU
		{C3B880B6-ADF7-469A-8BB4-BDE295DCC667}.Release|Any CPU.ActiveCfg = Release|Any CPU
		{C3B880B6-ADF7-469A-8BB4-BDE295DCC667}.Release|Any CPU.Build.0 = Release|Any CPU
	EndGlobalSection
	GlobalSection(SolutionProperties) = preSolution
		HideSolutionNode = FALSE
	EndGlobalSection
	GlobalSection(ExtensibilityGlobals) = postSolution
		SolutionGuid = {613AD42C-326E-4596-9B9A-D3881B6EDB2F}
	EndGlobalSection
EndGlobal
